
Microsoft Visual Studio Solution File, Format Version 12.00
# Visual Studio Version 17
VisualStudioVersion = 17.4.33205.214
MinimumVisualStudioVersion = 10.0.40219.1
Project("{FAE04EC0-301F-11D3-BF4B-00C04F79EFBC}") = "PZ4_kuvin", "PZ4_kuvin\PZ4_kuvin.csproj", "{E4B0624F-EB33-4CBE-A945-891FD5C48BF6}"
EndProject
Global
	GlobalSection(SolutionConfigurationPlatforms) = preSolution
		Debug|Any CPU = Debug|Any CPU
		Release|Any CPU = Release|Any CPU
	EndGlobalSection
	GlobalSection(ProjectConfigurationPlatforms) = postSolution
		{E4B0624F-EB33-4CBE-A945-891FD5C48BF6}.Debug|Any CPU.ActiveCfg = Debug|Any CPU
		{E4B0624F-EB33-4CBE-A945-891FD5C48BF6}.Debug|Any CPU.Build.0 = Debug|Any CPU
		{E4B0624F-EB33-4CBE-A945-891FD5C48BF6}.Release|Any CPU.ActiveCfg = Release|Any CPU
		{E4B0624F-EB33-4CBE-A945-891FD5C48BF6}.Release|Any CPU.Build.0 = Release|Any CPU
	EndGlobalSection
	GlobalSection(SolutionProperties) = preSolution
		HideSolutionNode = FALSE
	EndGlobalSection
	GlobalSection(ExtensibilityGlobals) = postSolution
		SolutionGuid = {8C1DF16B-EB65-44EB-829B-FB47D79F4B46}
	EndGlobalSection
EndGlobal
